
Microsoft Visual Studio Solution File, Format Version 12.00
# Visual Studio Version 16
VisualStudioVersion = 16.0.809.10
MinimumVisualStudioVersion = 10.0.40219.1
Project("{FAE04EC0-301F-11D3-BF4B-00C04F79EFBC}") = "AnomalyService", "AnomalyService.csproj", "{F7888BD8-7BE0-4DDC-A64E-5323EE450EDD}"
EndProject
Global
	GlobalSection(SolutionConfigurationPlatforms) = preSolution
		Debug|Any CPU = Debug|Any CPU
		Release|Any CPU = Release|Any CPU
	EndGlobalSection
	GlobalSection(ProjectConfigurationPlatforms) = postSolution
		{F7888BD8-7BE0-4DDC-A64E-5323EE450EDD}.Debug|Any CPU.ActiveCfg = Debug|Any CPU
		{F7888BD8-7BE0-4DDC-A64E-5323EE450EDD}.Debug|Any CPU.Build.0 = Debug|Any CPU
		{F7888BD8-7BE0-4DDC-A64E-5323EE450EDD}.Release|Any CPU.ActiveCfg = Release|Any CPU
		{F7888BD8-7BE0-4DDC-A64E-5323EE450EDD}.Release|Any CPU.Build.0 = Release|Any CPU
	EndGlobalSection
	GlobalSection(SolutionProperties) = preSolution
		HideSolutionNode = FALSE
	EndGlobalSection
	GlobalSection(ExtensibilityGlobals) = postSolution
		SolutionGuid = {390274CB-3BA3-44E6-B2F3-DB923CD1BF2E}
	EndGlobalSection
EndGlobal
